
Microsoft Visual Studio Solution File, Format Version 12.00
# Visual Studio Version 16
VisualStudioVersion = 16.0.29215.179
MinimumVisualStudioVersion = 10.0.40219.1
Project("{FAE04EC0-301F-11D3-BF4B-00C04F79EFBC}") = "DialogGenerator.UI", "DialogGenerator.UI\DialogGenerator.UI.csproj", "{43AB9E9C-1D9C-4F79-8FB4-DAAE45DA1181}"
EndProject
Project("{FAE04EC0-301F-11D3-BF4B-00C04F79EFBC}") = "DialogGenerator.DataAccess", "DialogGenerator.DataAcess\DialogGenerator.DataAccess.csproj", "{18E76D98-E810-4E32-8476-D6A542E6C546}"
EndProject
Project("{FAE04EC0-301F-11D3-BF4B-00C04F79EFBC}") = "DialogGenerator.Tests", "DialogGenerator.Tests\DialogGenerator.Tests.csproj", "{B8BE0B40-4193-44B4-BDA8-CBAC3857AD73}"
EndProject
Project("{FAE04EC0-301F-11D3-BF4B-00C04F79EFBC}") = "DialogGenerator.DialogEngine", "DialogGenerator.DialogEngine\DialogGenerator.DialogEngine.csproj", "{C15DC761-8854-4E68-812B-B82F9F8D13D4}"
EndProject
Project("{FAE04EC0-301F-11D3-BF4B-00C04F79EFBC}") = "DialogGenerator.CharacterSelection", "DialogGenerator.CharacterSelection\DialogGenerator.CharacterSelection.csproj", "{2302A9F6-72B8-4AAE-BB7E-02AFDE420D57}"
EndProject
Project("{FAE04EC0-301F-11D3-BF4B-00C04F79EFBC}") = "DialogGenerator.Model", "DialogGenerator.Model\DialogGenerator.Model.csproj", "{8900AF0A-E911-4E26-B60A-47453F1C1E36}"
EndProject
Project("{FAE04EC0-301F-11D3-BF4B-00C04F79EFBC}") = "DialogGenerator.Core", "DialogGenerator.Core\DialogGenerator.Core.csproj", "{DE5AB434-BC15-4A64-B275-3E7379D6FCFD}"
EndProject
Project("{FAE04EC0-301F-11D3-BF4B-00C04F79EFBC}") = "DialogGenerator.Events", "DialogGenerator.Events\DialogGenerator.Events.csproj", "{A7052EA1-7219-4600-B0D9-0A8BF03C2FAA}"
EndProject
Project("{FAE04EC0-301F-11D3-BF4B-00C04F79EFBC}") = "DialogGenerator.Utilities", "DialogGenerator.Utilities\DialogGenerator.Utilities.csproj", "{CA4D11CB-882D-44A3-AFF2-03083D106BCE}"
EndProject
Project("{FAE04EC0-301F-11D3-BF4B-00C04F79EFBC}") = "DialogGenerator", "DialogGenerator\DialogGenerator.csproj", "{3BE4A9FB-1D29-4DE1-9E01-4F654169D1E2}"
EndProject
Project("{2150E333-8FDC-42A3-9474-1A3956D46DE8}") = "Modules", "Modules", "{AA2ABAD8-AC96-4AE0-A69E-A23D732FFA81}"
EndProject
Project("{2150E333-8FDC-42A3-9474-1A3956D46DE8}") = "Services", "Services", "{A348650D-D333-4882-946B-E5F3B59578C1}"
EndProject
Project("{2150E333-8FDC-42A3-9474-1A3956D46DE8}") = "Shared", "Shared", "{5503B903-7577-4E8D-94E7-444E8AD9B06A}"
EndProject
Project("{FAE04EC0-301F-11D3-BF4B-00C04F79EFBC}") = "DialogGenerator.UI.Core", "DialogGenerator.UI.Core\DialogGenerator.UI.Core.csproj", "{2EEBF715-D90C-4DA5-A29F-A304C4A12B79}"
EndProject
Project("{930C7802-8A8C-48F9-8165-68863BCCD9DD}") = "DialogGenerator.Setup", "DialogGenerator.Setup\DialogGenerator.Setup.wixproj", "{9830D5FE-B70D-4A4E-8F0B-FAAFED076CA2}"
EndProject
Project("{FAE04EC0-301F-11D3-BF4B-00C04F79EFBC}") = "DialogGenerator.Web", "DialogGenerator.Web\DialogGenerator.Web.csproj", "{7B12550D-A62E-4D99-A694-379E480CAEC3}"
EndProject
Project("{FAE04EC0-301F-11D3-BF4B-00C04F79EFBC}") = "DialogGenerator.Tests.UI", "DialogGenerator.Tests.UI\DialogGenerator.Tests.UI.csproj", "{6818CF8A-3A5A-4821-8C58-2BE51E0B0A96}"
EndProject
Project("{FAE04EC0-301F-11D3-BF4B-00C04F79EFBC}") = "DialogGenerator.Tests.Integration", "DialogGenerator.Tests.Integration\DialogGenerator.Tests.Integration.csproj", "{895AC7E0-AD54-4881-8742-BCD903F2D61D}"
EndProject
Project("{FAE04EC0-301F-11D3-BF4B-00C04F79EFBC}") = "DialogGenerator.ZIPFIleUtility", "DialogGenerator.ZIPFIleUtility\DialogGenerator.ZIPFIleUtility.csproj", "{237B264D-098C-4EC3-A4C9-0E1E3E75F6BE}"
EndProject
Global
	GlobalSection(SolutionConfigurationPlatforms) = preSolution
		Debug|Any CPU = Debug|Any CPU
		Debug|x86 = Debug|x86
		Release|Any CPU = Release|Any CPU
		Release|x86 = Release|x86
	EndGlobalSection
	GlobalSection(ProjectConfigurationPlatforms) = postSolution
		{43AB9E9C-1D9C-4F79-8FB4-DAAE45DA1181}.Debug|Any CPU.ActiveCfg = Debug|Any CPU
		{43AB9E9C-1D9C-4F79-8FB4-DAAE45DA1181}.Debug|Any CPU.Build.0 = Debug|Any CPU
		{43AB9E9C-1D9C-4F79-8FB4-DAAE45DA1181}.Debug|x86.ActiveCfg = Debug|Any CPU
		{43AB9E9C-1D9C-4F79-8FB4-DAAE45DA1181}.Debug|x86.Build.0 = Debug|Any CPU
		{43AB9E9C-1D9C-4F79-8FB4-DAAE45DA1181}.Release|Any CPU.ActiveCfg = Release|Any CPU
		{43AB9E9C-1D9C-4F79-8FB4-DAAE45DA1181}.Release|Any CPU.Build.0 = Release|Any CPU
		{43AB9E9C-1D9C-4F79-8FB4-DAAE45DA1181}.Release|x86.ActiveCfg = Release|Any CPU
		{43AB9E9C-1D9C-4F79-8FB4-DAAE45DA1181}.Release|x86.Build.0 = Release|Any CPU
		{18E76D98-E810-4E32-8476-D6A542E6C546}.Debug|Any CPU.ActiveCfg = Debug|Any CPU
		{18E76D98-E810-4E32-8476-D6A542E6C546}.Debug|Any CPU.Build.0 = Debug|Any CPU
		{18E76D98-E810-4E32-8476-D6A542E6C546}.Debug|x86.ActiveCfg = Debug|Any CPU
		{18E76D98-E810-4E32-8476-D6A542E6C546}.Debug|x86.Build.0 = Debug|Any CPU
		{18E76D98-E810-4E32-8476-D6A542E6C546}.Release|Any CPU.ActiveCfg = Release|Any CPU
		{18E76D98-E810-4E32-8476-D6A542E6C546}.Release|Any CPU.Build.0 = Release|Any CPU
		{18E76D98-E810-4E32-8476-D6A542E6C546}.Release|x86.ActiveCfg = Release|Any CPU
		{18E76D98-E810-4E32-8476-D6A542E6C546}.Release|x86.Build.0 = Release|Any CPU
		{B8BE0B40-4193-44B4-BDA8-CBAC3857AD73}.Debug|Any CPU.ActiveCfg = Debug|Any CPU
		{B8BE0B40-4193-44B4-BDA8-CBAC3857AD73}.Debug|Any CPU.Build.0 = Debug|Any CPU
		{B8BE0B40-4193-44B4-BDA8-CBAC3857AD73}.Debug|x86.ActiveCfg = Debug|Any CPU
		{B8BE0B40-4193-44B4-BDA8-CBAC3857AD73}.Debug|x86.Build.0 = Debug|Any CPU
		{B8BE0B40-4193-44B4-BDA8-CBAC3857AD73}.Release|Any CPU.ActiveCfg = Release|Any CPU
		{B8BE0B40-4193-44B4-BDA8-CBAC3857AD73}.Release|Any CPU.Build.0 = Release|Any CPU
		{B8BE0B40-4193-44B4-BDA8-CBAC3857AD73}.Release|x86.ActiveCfg = Release|Any CPU
		{B8BE0B40-4193-44B4-BDA8-CBAC3857AD73}.Release|x86.Build.0 = Release|Any CPU
		{C15DC761-8854-4E68-812B-B82F9F8D13D4}.Debug|Any CPU.ActiveCfg = Debug|Any CPU
		{C15DC761-8854-4E68-812B-B82F9F8D13D4}.Debug|Any CPU.Build.0 = Debug|Any CPU
		{C15DC761-8854-4E68-812B-B82F9F8D13D4}.Debug|x86.ActiveCfg = Debug|Any CPU
		{C15DC761-8854-4E68-812B-B82F9F8D13D4}.Debug|x86.Build.0 = Debug|Any CPU
		{C15DC761-8854-4E68-812B-B82F9F8D13D4}.Release|Any CPU.ActiveCfg = Release|Any CPU
		{C15DC761-8854-4E68-812B-B82F9F8D13D4}.Release|Any CPU.Build.0 = Release|Any CPU
		{C15DC761-8854-4E68-812B-B82F9F8D13D4}.Release|x86.ActiveCfg = Release|Any CPU
		{C15DC761-8854-4E68-812B-B82F9F8D13D4}.Release|x86.Build.0 = Release|Any CPU
		{2302A9F6-72B8-4AAE-BB7E-02AFDE420D57}.Debug|Any CPU.ActiveCfg = Debug|Any CPU
		{2302A9F6-72B8-4AAE-BB7E-02AFDE420D57}.Debug|Any CPU.Build.0 = Debug|Any CPU
		{2302A9F6-72B8-4AAE-BB7E-02AFDE420D57}.Debug|x86.ActiveCfg = Debug|Any CPU
		{2302A9F6-72B8-4AAE-BB7E-02AFDE420D57}.Debug|x86.Build.0 = Debug|Any CPU
		{2302A9F6-72B8-4AAE-BB7E-02AFDE420D57}.Release|Any CPU.ActiveCfg = Release|Any CPU
		{2302A9F6-72B8-4AAE-BB7E-02AFDE420D57}.Release|Any CPU.Build.0 = Release|Any CPU
		{2302A9F6-72B8-4AAE-BB7E-02AFDE420D57}.Release|x86.ActiveCfg = Release|Any CPU
		{2302A9F6-72B8-4AAE-BB7E-02AFDE420D57}.Release|x86.Build.0 = Release|Any CPU
		{8900AF0A-E911-4E26-B60A-47453F1C1E36}.Debug|Any CPU.ActiveCfg = Debug|Any CPU
		{8900AF0A-E911-4E26-B60A-47453F1C1E36}.Debug|Any CPU.Build.0 = Debug|Any CPU
		{8900AF0A-E911-4E26-B60A-47453F1C1E36}.Debug|x86.ActiveCfg = Debug|Any CPU
		{8900AF0A-E911-4E26-B60A-47453F1C1E36}.Debug|x86.Build.0 = Debug|Any CPU
		{8900AF0A-E911-4E26-B60A-47453F1C1E36}.Release|Any CPU.ActiveCfg = Release|Any CPU
		{8900AF0A-E911-4E26-B60A-47453F1C1E36}.Release|Any CPU.Build.0 = Release|Any CPU
		{8900AF0A-E911-4E26-B60A-47453F1C1E36}.Release|x86.ActiveCfg = Release|Any CPU
		{8900AF0A-E911-4E26-B60A-47453F1C1E36}.Release|x86.Build.0 = Release|Any CPU
		{DE5AB434-BC15-4A64-B275-3E7379D6FCFD}.Debug|Any CPU.ActiveCfg = Debug|Any CPU
		{DE5AB434-BC15-4A64-B275-3E7379D6FCFD}.Debug|Any CPU.Build.0 = Debug|Any CPU
		{DE5AB434-BC15-4A64-B275-3E7379D6FCFD}.Debug|x86.ActiveCfg = Debug|Any CPU
		{DE5AB434-BC15-4A64-B275-3E7379D6FCFD}.Debug|x86.Build.0 = Debug|Any CPU
		{DE5AB434-BC15-4A64-B275-3E7379D6FCFD}.Release|Any CPU.ActiveCfg = Release|Any CPU
		{DE5AB434-BC15-4A64-B275-3E7379D6FCFD}.Release|Any CPU.Build.0 = Release|Any CPU
		{DE5AB434-BC15-4A64-B275-3E7379D6FCFD}.Release|x86.ActiveCfg = Release|Any CPU
		{DE5AB434-BC15-4A64-B275-3E7379D6FCFD}.Release|x86.Build.0 = Release|Any CPU
		{A7052EA1-7219-4600-B0D9-0A8BF03C2FAA}.Debug|Any CPU.ActiveCfg = Debug|Any CPU
		{A7052EA1-7219-4600-B0D9-0A8BF03C2FAA}.Debug|Any CPU.Build.0 = Debug|Any CPU
		{A7052EA1-7219-4600-B0D9-0A8BF03C2FAA}.Debug|x86.ActiveCfg = Debug|Any CPU
		{A7052EA1-7219-4600-B0D9-0A8BF03C2FAA}.Debug|x86.Build.0 = Debug|Any CPU
		{A7052EA1-7219-4600-B0D9-0A8BF03C2FAA}.Release|Any CPU.ActiveCfg = Release|Any CPU
		{A7052EA1-7219-4600-B0D9-0A8BF03C2FAA}.Release|Any CPU.Build.0 = Release|Any CPU
		{A7052EA1-7219-4600-B0D9-0A8BF03C2FAA}.Release|x86.ActiveCfg = Release|Any CPU
		{A7052EA1-7219-4600-B0D9-0A8BF03C2FAA}.Release|x86.Build.0 = Release|Any CPU
		{CA4D11CB-882D-44A3-AFF2-03083D106BCE}.Debug|Any CPU.ActiveCfg = Debug|Any CPU
		{CA4D11CB-882D-44A3-AFF2-03083D106BCE}.Debug|Any CPU.Build.0 = Debug|Any CPU
		{CA4D11CB-882D-44A3-AFF2-03083D106BCE}.Debug|x86.ActiveCfg = Debug|Any CPU
		{CA4D11CB-882D-44A3-AFF2-03083D106BCE}.Debug|x86.Build.0 = Debug|Any CPU
		{CA4D11CB-882D-44A3-AFF2-03083D106BCE}.Release|Any CPU.ActiveCfg = Release|Any CPU
		{CA4D11CB-882D-44A3-AFF2-03083D106BCE}.Release|Any CPU.Build.0 = Release|Any CPU
		{CA4D11CB-882D-44A3-AFF2-03083D106BCE}.Release|x86.ActiveCfg = Release|Any CPU
		{CA4D11CB-882D-44A3-AFF2-03083D106BCE}.Release|x86.Build.0 = Release|Any CPU
		{3BE4A9FB-1D29-4DE1-9E01-4F654169D1E2}.Debug|Any CPU.ActiveCfg = Debug|Any CPU
		{3BE4A9FB-1D29-4DE1-9E01-4F654169D1E2}.Debug|Any CPU.Build.0 = Debug|Any CPU
		{3BE4A9FB-1D29-4DE1-9E01-4F654169D1E2}.Debug|x86.ActiveCfg = Debug|Any CPU
		{3BE4A9FB-1D29-4DE1-9E01-4F654169D1E2}.Debug|x86.Build.0 = Debug|Any CPU
		{3BE4A9FB-1D29-4DE1-9E01-4F654169D1E2}.Release|Any CPU.ActiveCfg = Release|Any CPU
		{3BE4A9FB-1D29-4DE1-9E01-4F654169D1E2}.Release|Any CPU.Build.0 = Release|Any CPU
		{3BE4A9FB-1D29-4DE1-9E01-4F654169D1E2}.Release|x86.ActiveCfg = Release|Any CPU
		{3BE4A9FB-1D29-4DE1-9E01-4F654169D1E2}.Release|x86.Build.0 = Release|Any CPU
		{2EEBF715-D90C-4DA5-A29F-A304C4A12B79}.Debug|Any CPU.ActiveCfg = Debug|Any CPU
		{2EEBF715-D90C-4DA5-A29F-A304C4A12B79}.Debug|Any CPU.Build.0 = Debug|Any CPU
		{2EEBF715-D90C-4DA5-A29F-A304C4A12B79}.Debug|x86.ActiveCfg = Debug|Any CPU
		{2EEBF715-D90C-4DA5-A29F-A304C4A12B79}.Debug|x86.Build.0 = Debug|Any CPU
		{2EEBF715-D90C-4DA5-A29F-A304C4A12B79}.Release|Any CPU.ActiveCfg = Release|Any CPU
		{2EEBF715-D90C-4DA5-A29F-A304C4A12B79}.Release|Any CPU.Build.0 = Release|Any CPU
		{2EEBF715-D90C-4DA5-A29F-A304C4A12B79}.Release|x86.ActiveCfg = Release|Any CPU
		{2EEBF715-D90C-4DA5-A29F-A304C4A12B79}.Release|x86.Build.0 = Release|Any CPU
		{9830D5FE-B70D-4A4E-8F0B-FAAFED076CA2}.Debug|Any CPU.ActiveCfg = Debug|x86
		{9830D5FE-B70D-4A4E-8F0B-FAAFED076CA2}.Debug|x86.ActiveCfg = Debug|x86
		{9830D5FE-B70D-4A4E-8F0B-FAAFED076CA2}.Debug|x86.Build.0 = Debug|x86
		{9830D5FE-B70D-4A4E-8F0B-FAAFED076CA2}.Release|Any CPU.ActiveCfg = Release|x86
		{9830D5FE-B70D-4A4E-8F0B-FAAFED076CA2}.Release|x86.ActiveCfg = Release|x86
		{9830D5FE-B70D-4A4E-8F0B-FAAFED076CA2}.Release|x86.Build.0 = Release|x86
		{7B12550D-A62E-4D99-A694-379E480CAEC3}.Debug|Any CPU.ActiveCfg = Debug|Any CPU
		{7B12550D-A62E-4D99-A694-379E480CAEC3}.Debug|Any CPU.Build.0 = Debug|Any CPU
		{7B12550D-A62E-4D99-A694-379E480CAEC3}.Debug|x86.ActiveCfg = Debug|Any CPU
		{7B12550D-A62E-4D99-A694-379E480CAEC3}.Debug|x86.Build.0 = Debug|Any CPU
		{7B12550D-A62E-4D99-A694-379E480CAEC3}.Release|Any CPU.ActiveCfg = Release|Any CPU
		{7B12550D-A62E-4D99-A694-379E480CAEC3}.Release|Any CPU.Build.0 = Release|Any CPU
		{7B12550D-A62E-4D99-A694-379E480CAEC3}.Release|x86.ActiveCfg = Release|Any CPU
		{7B12550D-A62E-4D99-A694-379E480CAEC3}.Release|x86.Build.0 = Release|Any CPU
		{6818CF8A-3A5A-4821-8C58-2BE51E0B0A96}.Debug|Any CPU.ActiveCfg = Debug|Any CPU
		{6818CF8A-3A5A-4821-8C58-2BE51E0B0A96}.Debug|Any CPU.Build.0 = Debug|Any CPU
		{6818CF8A-3A5A-4821-8C58-2BE51E0B0A96}.Debug|x86.ActiveCfg = Debug|Any CPU
		{6818CF8A-3A5A-4821-8C58-2BE51E0B0A96}.Debug|x86.Build.0 = Debug|Any CPU
		{6818CF8A-3A5A-4821-8C58-2BE51E0B0A96}.Release|Any CPU.ActiveCfg = Release|Any CPU
		{6818CF8A-3A5A-4821-8C58-2BE51E0B0A96}.Release|Any CPU.Build.0 = Release|Any CPU
		{6818CF8A-3A5A-4821-8C58-2BE51E0B0A96}.Release|x86.ActiveCfg = Release|Any CPU
		{6818CF8A-3A5A-4821-8C58-2BE51E0B0A96}.Release|x86.Build.0 = Release|Any CPU
		{895AC7E0-AD54-4881-8742-BCD903F2D61D}.Debug|Any CPU.ActiveCfg = Debug|Any CPU
		{895AC7E0-AD54-4881-8742-BCD903F2D61D}.Debug|Any CPU.Build.0 = Debug|Any CPU
		{895AC7E0-AD54-4881-8742-BCD903F2D61D}.Debug|x86.ActiveCfg = Debug|Any CPU
		{895AC7E0-AD54-4881-8742-BCD903F2D61D}.Debug|x86.Build.0 = Debug|Any CPU
		{895AC7E0-AD54-4881-8742-BCD903F2D61D}.Release|Any CPU.ActiveCfg = Release|Any CPU
		{895AC7E0-AD54-4881-8742-BCD903F2D61D}.Release|Any CPU.Build.0 = Release|Any CPU
		{895AC7E0-AD54-4881-8742-BCD903F2D61D}.Release|x86.ActiveCfg = Release|Any CPU
		{895AC7E0-AD54-4881-8742-BCD903F2D61D}.Release|x86.Build.0 = Release|Any CPU
		{237B264D-098C-4EC3-A4C9-0E1E3E75F6BE}.Debug|Any CPU.ActiveCfg = Debug|Any CPU
		{237B264D-098C-4EC3-A4C9-0E1E3E75F6BE}.Debug|Any CPU.Build.0 = Debug|Any CPU
		{237B264D-098C-4EC3-A4C9-0E1E3E75F6BE}.Debug|x86.ActiveCfg = Debug|Any CPU
		{237B264D-098C-4EC3-A4C9-0E1E3E75F6BE}.Debug|x86.Build.0 = Debug|Any CPU
		{237B264D-098C-4EC3-A4C9-0E1E3E75F6BE}.Release|Any CPU.ActiveCfg = Release|Any CPU
		{237B264D-098C-4EC3-A4C9-0E1E3E75F6BE}.Release|Any CPU.Build.0 = Release|Any CPU
		{237B264D-098C-4EC3-A4C9-0E1E3E75F6BE}.Release|x86.ActiveCfg = Release|Any CPU
		{237B264D-098C-4EC3-A4C9-0E1E3E75F6BE}.Release|x86.Build.0 = Release|Any CPU
	EndGlobalSection
	GlobalSection(SolutionProperties) = preSolution
		HideSolutionNode = FALSE
	EndGlobalSection
	GlobalSection(NestedProjects) = preSolution
		{43AB9E9C-1D9C-4F79-8FB4-DAAE45DA1181} = {AA2ABAD8-AC96-4AE0-A69E-A23D732FFA81}
		{18E76D98-E810-4E32-8476-D6A542E6C546} = {A348650D-D333-4882-946B-E5F3B59578C1}
		{C15DC761-8854-4E68-812B-B82F9F8D13D4} = {A348650D-D333-4882-946B-E5F3B59578C1}
		{2302A9F6-72B8-4AAE-BB7E-02AFDE420D57} = {A348650D-D333-4882-946B-E5F3B59578C1}
		{8900AF0A-E911-4E26-B60A-47453F1C1E36} = {5503B903-7577-4E8D-94E7-444E8AD9B06A}
		{DE5AB434-BC15-4A64-B275-3E7379D6FCFD} = {5503B903-7577-4E8D-94E7-444E8AD9B06A}
		{A7052EA1-7219-4600-B0D9-0A8BF03C2FAA} = {5503B903-7577-4E8D-94E7-444E8AD9B06A}
		{CA4D11CB-882D-44A3-AFF2-03083D106BCE} = {A348650D-D333-4882-946B-E5F3B59578C1}
		{2EEBF715-D90C-4DA5-A29F-A304C4A12B79} = {5503B903-7577-4E8D-94E7-444E8AD9B06A}
		{7B12550D-A62E-4D99-A694-379E480CAEC3} = {A348650D-D333-4882-946B-E5F3B59578C1}
	EndGlobalSection
	GlobalSection(ExtensibilityGlobals) = postSolution
		SolutionGuid = {798BEE13-15A6-48DA-B057-B374354987BD}
	EndGlobalSection
EndGlobal
